// !$*UTF8*$!
{
	archiveVersion = 1;
	classes = {
	};
	objectVersion = 77;
	objects = {

/* Begin PBXContainerItemProxy section */
		80DF456E2DEC29C100F15E81 /* PBXContainerItemProxy */ = {
			isa = PBXContainerItemProxy;
			containerPortal = 80DF45582DEC29BD00F15E81 /* Project object */;
			proxyType = 1;
			remoteGlobalIDString = 80DF455F2DEC29BD00F15E81;
			remoteInfo = Blago;
		};
		80DF45782DEC29C200F15E81 /* PBXContainerItemProxy */ = {
			isa = PBXContainerItemProxy;
			containerPortal = 80DF45582DEC29BD00F15E81 /* Project object */;
			proxyType = 1;
			remoteGlobalIDString = 80DF455F2DEC29BD00F15E81;
			remoteInfo = Blago;
		};
/* End PBXContainerItemProxy section */

/* Begin PBXFileReference section */
		80DF45602DEC29BD00F15E81 /* Yapomogayu.app */ = {isa = PBXFileReference; explicitFileType = wrapper.application; includeInIndex = 0; path = Yapomogayu.app; sourceTree = BUILT_PRODUCTS_DIR; };
		80DF456D2DEC29C100F15E81 /* YapomogayuTests.xctest */ = {isa = PBXFileReference; explicitFileType = wrapper.cfbundle; includeInIndex = 0; path = YapomogayuTests.xctest; sourceTree = BUILT_PRODUCTS_DIR; };
		80DF45772DEC29C200F15E81 /* YapomogayuUITests.xctest */ = {isa = PBXFileReference; explicitFileType = wrapper.cfbundle; includeInIndex = 0; path = YapomogayuUITests.xctest; sourceTree = BUILT_PRODUCTS_DIR; };
		80EA1DAA2E97AEAE006EC002 /* Yapomogayu.entitlements */ = {isa = PBXFileReference; lastKnownFileType = text.plist.entitlements; path = Yapomogayu.entitlements; sourceTree = "<group>"; };
		80FBF0D82DFC180800F45DB0 /* Info.plist */ = {isa = PBXFileReference; lastKnownFileType = text.plist.xml; path = Info.plist; sourceTree = "<group>"; };
/* End PBXFileReference section */

/* Begin PBXFileSystemSynchronizedRootGroup section */
		80DF45622DEC29BD00F15E81 /* Yapomogayu */ = {
			isa = PBXFileSystemSynchronizedRootGroup;
			path = Yapomogayu;
			sourceTree = "<group>";
		};
		80DF45702DEC29C100F15E81 /* YapomogayuTests */ = {
			isa = PBXFileSystemSynchronizedRootGroup;
			path = YapomogayuTests;
			sourceTree = "<group>";
		};
		80DF457A2DEC29C200F15E81 /* YapomogayuUITests */ = {
			isa = PBXFileSystemSynchronizedRootGroup;
			path = YapomogayuUITests;
			sourceTree = "<group>";
		};
/* End PBXFileSystemSynchronizedRootGroup section */

/* Begin PBXFrameworksBuildPhase section */
		80DF455D2DEC29BD00F15E81 /* Frameworks */ = {
			isa = PBXFrameworksBuildPhase;
			buildActionMask = 2147483647;
			files = (
			);
			runOnlyForDeploymentPostprocessing = 0;
		};
		80DF456A2DEC29C100F15E81 /* Frameworks */ = {
			isa = PBXFrameworksBuildPhase;
			buildActionMask = 2147483647;
			files = (
			);
			runOnlyForDeploymentPostprocessing = 0;
		};
		80DF45742DEC29C200F15E81 /* Frameworks */ = {
			isa = PBXFrameworksBuildPhase;
			buildActionMask = 2147483647;
			files = (
			);
			runOnlyForDeploymentPostprocessing = 0;
		};
/* End PBXFrameworksBuildPhase section */

/* Begin PBXGroup section */
		80DF45572DEC29BD00F15E81 = {
			isa = PBXGroup;
			children = (
				80EA1DAA2E97AEAE006EC002 /* Yapomogayu.entitlements */,
				80FBF0D82DFC180800F45DB0 /* Info.plist */,
				80DF45622DEC29BD00F15E81 /* Yapomogayu */,
				80DF45702DEC29C100F15E81 /* YapomogayuTests */,
				80DF457A2DEC29C200F15E81 /* YapomogayuUITests */,
				80DF45612DEC29BD00F15E81 /* Products */,
			);
			sourceTree = "<group>";
		};
		80DF45612DEC29BD00F15E81 /* Products */ = {
			isa = PBXGroup;
			children = (
				80DF45602DEC29BD00F15E81 /* Yapomogayu.app */,
				80DF456D2DEC29C100F15E81 /* YapomogayuTests.xctest */,
				80DF45772DEC29C200F15E81 /* YapomogayuUITests.xctest */,
			);
			name = Products;
			sourceTree = "<group>";
		};
/* End PBXGroup section */

/* Begin PBXNativeTarget section */
		80DF455F2DEC29BD00F15E81 /* Yapomogayu */ = {
			isa = PBXNativeTarget;
			buildConfigurationList = 80DF45812DEC29C200F15E81 /* Build configuration list for PBXNativeTarget "Yapomogayu" */;
			buildPhases = (
				80DF455C2DEC29BD00F15E81 /* Sources */,
				80DF455D2DEC29BD00F15E81 /* Frameworks */,
				80DF455E2DEC29BD00F15E81 /* Resources */,
			);
			buildRules = (
			);
			dependencies = (
			);
			fileSystemSynchronizedGroups = (
				80DF45622DEC29BD00F15E81 /* Yapomogayu */,
			);
			name = Yapomogayu;
			packageProductDependencies = (
			);
			productName = Blago;
			productReference = 80DF45602DEC29BD00F15E81 /* Yapomogayu.app */;
			productType = "com.apple.product-type.application";
		};
		80DF456C2DEC29C100F15E81 /* YapomogayuTests */ = {
			isa = PBXNativeTarget;
			buildConfigurationList = 80DF45842DEC29C200F15E81 /* Build configuration list for PBXNativeTarget "YapomogayuTests" */;
			buildPhases = (
				80DF45692DEC29C100F15E81 /* Sources */,
				80DF456A2DEC29C100F15E81 /* Frameworks */,
				80DF456B2DEC29C100F15E81 /* Resources */,
			);
			buildRules = (
			);
			dependencies = (
				80DF456F2DEC29C100F15E81 /* PBXTargetDependency */,
			);
			fileSystemSynchronizedGroups = (
				80DF45702DEC29C100F15E81 /* YapomogayuTests */,
			);
			name = YapomogayuTests;
			packageProductDependencies = (
			);
			productName = BlagoTests;
			productReference = 80DF456D2DEC29C100F15E81 /* YapomogayuTests.xctest */;
			productType = "com.apple.product-type.bundle.unit-test";
		};
		80DF45762DEC29C200F15E81 /* YapomogayuUITests */ = {
			isa = PBXNativeTarget;
			buildConfigurationList = 80DF45872DEC29C200F15E81 /* Build configuration list for PBXNativeTarget "YapomogayuUITests" */;
			buildPhases = (
				80DF45732DEC29C200F15E81 /* Sources */,
				80DF45742DEC29C200F15E81 /* Frameworks */,
				80DF45752DEC29C200F15E81 /* Resources */,
			);
			buildRules = (
			);
			dependencies = (
				80DF45792DEC29C200F15E81 /* PBXTargetDependency */,
			);
			fileSystemSynchronizedGroups = (
				80DF457A2DEC29C200F15E81 /* YapomogayuUITests */,
			);
			name = YapomogayuUITests;
			packageProductDependencies = (
			);
			productName = BlagoUITests;
			productReference = 80DF45772DEC29C200F15E81 /* YapomogayuUITests.xctest */;
			productType = "com.apple.product-type.bundle.ui-testing";
		};
/* End PBXNativeTarget section */

/* Begin PBXProject section */
		80DF45582DEC29BD00F15E81 /* Project object */ = {
			isa = PBXProject;
			attributes = {
				BuildIndependentTargetsInParallel = 1;
				LastSwiftUpdateCheck = 1630;
				LastUpgradeCheck = 1630;
				TargetAttributes = {
					80DF455F2DEC29BD00F15E81 = {
						CreatedOnToolsVersion = 16.3;
					};
					80DF456C2DEC29C100F15E81 = {
						CreatedOnToolsVersion = 16.3;
						TestTargetID = 80DF455F2DEC29BD00F15E81;
					};
					80DF45762DEC29C200F15E81 = {
						CreatedOnToolsVersion = 16.3;
						TestTargetID = 80DF455F2DEC29BD00F15E81;
					};
				};
			};
			buildConfigurationList = 80DF455B2DEC29BD00F15E81 /* Build configuration list for PBXProject "Yapomogayu" */;
			developmentRegion = en;
			hasScannedForEncodings = 0;
			knownRegions = (
				en,
				Base,
			);
			mainGroup = 80DF45572DEC29BD00F15E81;
			minimizedProjectReferenceProxies = 1;
			packageReferences = (
			);
			preferredProjectObjectVersion = 77;
			productRefGroup = 80DF45612DEC29BD00F15E81 /* Products */;
			projectDirPath = "";
			projectRoot = "";
			targets = (
				80DF455F2DEC29BD00F15E81 /* Yapomogayu */,
				80DF456C2DEC29C100F15E81 /* YapomogayuTests */,
				80DF45762DEC29C200F15E81 /* YapomogayuUITests */,
			);
		};
/* End PBXProject section */

/* Begin PBXResourcesBuildPhase section */
		80DF455E2DEC29BD00F15E81 /* Resources */ = {
			isa = PBXResourcesBuildPhase;
			buildActionMask = 2147483647;
			files = (
			);
			runOnlyForDeploymentPostprocessing = 0;
		};
		80DF456B2DEC29C100F15E81 /* Resources */ = {
			isa = PBXResourcesBuildPhase;
			buildActionMask = 2147483647;
			files = (
			);
			runOnlyForDeploymentPostprocessing = 0;
		};
		80DF45752DEC29C200F15E81 /* Resources */ = {
			isa = PBXResourcesBuildPhase;
			buildActionMask = 2147483647;
			files = (
			);
			runOnlyForDeploymentPostprocessing = 0;
		};
/* End PBXResourcesBuildPhase section */

/* Begin PBXSourcesBuildPhase section */
		80DF455C2DEC29BD00F15E81 /* Sources */ = {
			isa = PBXSourcesBuildPhase;
			buildActionMask = 2147483647;
			files = (
			);
			runOnlyForDeploymentPostprocessing = 0;
		};
		80DF45692DEC29C100F15E81 /* Sources */ = {
			isa = PBXSourcesBuildPhase;
			buildActionMask = 2147483647;
			files = (
			);
			runOnlyForDeploymentPostprocessing = 0;
		};
		80DF45732DEC29C200F15E81 /* Sources */ = {
			isa = PBXSourcesBuildPhase;
			buildActionMask = 2147483647;
			files = (
			);
			runOnlyForDeploymentPostprocessing = 0;
		};
/* End PBXSourcesBuildPhase section */

/* Begin PBXTargetDependency section */
		80DF456F2DEC29C100F15E81 /* PBXTargetDependency */ = {
			isa = PBXTargetDependency;
			target = 80DF455F2DEC29BD00F15E81 /* Yapomogayu */;
			targetProxy = 80DF456E2DEC29C100F15E81 /* PBXContainerItemProxy */;
		};
		80DF45792DEC29C200F15E81 /* PBXTargetDependency */ = {
			isa = PBXTargetDependency;
			target = 80DF455F2DEC29BD00F15E81 /* Yapomogayu */;
			targetProxy = 80DF45782DEC29C200F15E81 /* PBXContainerItemProxy */;
		};
/* End PBXTargetDependency section */

/* Begin XCBuildConfiguration section */
		80DF457F2DEC29C200F15E81 /* Debug */ = {
			isa = XCBuildConfiguration;
			buildSettings = {
				ALWAYS_SEARCH_USER_PATHS = NO;
				ASSETCATALOG_COMPILER_GENERATE_SWIFT_ASSET_SYMBOL_EXTENSIONS = YES;
				CLANG_ANALYZER_NONNULL = YES;
				CLANG_ANALYZER_NUMBER_OBJECT_CONVERSION = YES_AGGRESSIVE;
				CLANG_CXX_LANGUAGE_STANDARD = "gnu++20";
				CLANG_ENABLE_MODULES = YES;
				CLANG_ENABLE_OBJC_ARC = YES;
				CLANG_ENABLE_OBJC_WEAK = YES;
				CLANG_WARN_BLOCK_CAPTURE_AUTORELEASING = YES;
				CLANG_WARN_BOOL_CONVERSION = YES;
				CLANG_WARN_COMMA = YES;
				CLANG_WARN_CONSTANT_CONVERSION = YES;
				CLANG_WARN_DEPRECATED_OBJC_IMPLEMENTATIONS = YES;
				CLANG_WARN_DIRECT_OBJC_ISA_USAGE = YES_ERROR;
				CLANG_WARN_DOCUMENTATION_COMMENTS = YES;
				CLANG_WARN_EMPTY_BODY = YES;
				CLANG_WARN_ENUM_CONVERSION = YES;
				CLANG_WARN_INFINITE_RECURSION = YES;
				CLANG_WARN_INT_CONVERSION = YES;
				CLANG_WARN_NON_LITERAL_NULL_CONVERSION = YES;
				CLANG_WARN_OBJC_IMPLICIT_RETAIN_SELF = YES;
				CLANG_WARN_OBJC_LITERAL_CONVERSION = YES;
				CLANG_WARN_OBJC_ROOT_CLASS = YES_ERROR;
				CLANG_WARN_QUOTED_INCLUDE_IN_FRAMEWORK_HEADER = YES;
				CLANG_WARN_RANGE_LOOP_ANALYSIS = YES;
				CLANG_WARN_STRICT_PROTOTYPES = YES;
				CLANG_WARN_SUSPICIOUS_MOVE = YES;
				CLANG_WARN_UNGUARDED_AVAILABILITY = YES_AGGRESSIVE;
				CLANG_WARN_UNREACHABLE_CODE = YES;
				CLANG_WARN__DUPLICATE_METHOD_MATCH = YES;
				COPY_PHASE_STRIP = NO;
				DEBUG_INFORMATION_FORMAT = dwarf;
				ENABLE_STRICT_OBJC_MSGSEND = YES;
				ENABLE_TESTABILITY = YES;
				ENABLE_USER_SCRIPT_SANDBOXING = YES;
				GCC_C_LANGUAGE_STANDARD = gnu17;
				GCC_DYNAMIC_NO_PIC = NO;
				GCC_NO_COMMON_BLOCKS = YES;
				GCC_OPTIMIZATION_LEVEL = 0;
				GCC_PREPROCESSOR_DEFINITIONS = (
					"DEBUG=1",
					"$(inherited)",
				);
				GCC_WARN_64_TO_32_BIT_CONVERSION = YES;
				GCC_WARN_ABOUT_RETURN_TYPE = YES_ERROR;
				GCC_WARN_UNDECLARED_SELECTOR = YES;
				GCC_WARN_UNINITIALIZED_AUTOS = YES_AGGRESSIVE;
				GCC_WARN_UNUSED_FUNCTION = YES;
				GCC_WARN_UNUSED_VARIABLE = YES;
				IPHONEOS_DEPLOYMENT_TARGET = 16.6;
				LOCALIZATION_PREFERS_STRING_CATALOGS = YES;
				MTL_ENABLE_DEBUG_INFO = INCLUDE_SOURCE;
				MTL_FAST_MATH = YES;
				ONLY_ACTIVE_ARCH = YES;
				SDKROOT = iphoneos;
				SWIFT_ACTIVE_COMPILATION_CONDITIONS = "DEBUG $(inherited)";
				SWIFT_OPTIMIZATION_LEVEL = "-Onone";
			};
			name = Debug;
		};
		80DF45802DEC29C200F15E81 /* Release */ = {
			isa = XCBuildConfiguration;
			buildSettings = {
				ALWAYS_SEARCH_USER_PATHS = NO;
				ASSETCATALOG_COMPILER_GENERATE_SWIFT_ASSET_SYMBOL_EXTENSIONS = YES;
				CLANG_ANALYZER_NONNULL = YES;
				CLANG_ANALYZER_NUMBER_OBJECT_CONVERSION = YES_AGGRESSIVE;
				CLANG_CXX_LANGUAGE_STANDARD = "gnu++20";
				CLANG_ENABLE_MODULES = YES;
				CLANG_ENABLE_OBJC_ARC = YES;
				CLANG_ENABLE_OBJC_WEAK = YES;
				CLANG_WARN_BLOCK_CAPTURE_AUTORELEASING = YES;
				CLANG_WARN_BOOL_CONVERSION = YES;
				CLANG_WARN_COMMA = YES;
				CLANG_WARN_CONSTANT_CONVERSION = YES;
				CLANG_WARN_DEPRECATED_OBJC_IMPLEMENTATIONS = YES;
				CLANG_WARN_DIRECT_OBJC_ISA_USAGE = YES_ERROR;
				CLANG_WARN_DOCUMENTATION_COMMENTS = YES;
				CLANG_WARN_EMPTY_BODY = YES;
				CLANG_WARN_ENUM_CONVERSION = YES;
				CLANG_WARN_INFINITE_RECURSION = YES;
				CLANG_WARN_INT_CONVERSION = YES;
				CLANG_WARN_NON_LITERAL_NULL_CONVERSION = YES;
				CLANG_WARN_OBJC_IMPLICIT_RETAIN_SELF = YES;
				CLANG_WARN_OBJC_LITERAL_CONVERSION = YES;
				CLANG_WARN_OBJC_ROOT_CLASS = YES_ERROR;
				CLANG_WARN_QUOTED_INCLUDE_IN_FRAMEWORK_HEADER = YES;
				CLANG_WARN_RANGE_LOOP_ANALYSIS = YES;
				CLANG_WARN_STRICT_PROTOTYPES = YES;
				CLANG_WARN_SUSPICIOUS_MOVE = YES;
				CLANG_WARN_UNGUARDED_AVAILABILITY = YES_AGGRESSIVE;
				CLANG_WARN_UNREACHABLE_CODE = YES;
				CLANG_WARN__DUPLICATE_METHOD_MATCH = YES;
				COPY_PHASE_STRIP = NO;
				DEBUG_INFORMATION_FORMAT = "dwarf-with-dsym";
				ENABLE_NS_ASSERTIONS = NO;
				ENABLE_STRICT_OBJC_MSGSEND = YES;
				ENABLE_USER_SCRIPT_SANDBOXING = YES;
				GCC_C_LANGUAGE_STANDARD = gnu17;
				GCC_NO_COMMON_BLOCKS = YES;
				GCC_WARN_64_TO_32_BIT_CONVERSION = YES;
				GCC_WARN_ABOUT_RETURN_TYPE = YES_ERROR;
				GCC_WARN_UNDECLARED_SELECTOR = YES;
				GCC_WARN_UNINITIALIZED_AUTOS = YES_AGGRESSIVE;
				GCC_WARN_UNUSED_FUNCTION = YES;
				GCC_WARN_UNUSED_VARIABLE = YES;
				IPHONEOS_DEPLOYMENT_TARGET = 16.6;
				LOCALIZATION_PREFERS_STRING_CATALOGS = YES;
				MTL_ENABLE_DEBUG_INFO = NO;
				MTL_FAST_MATH = YES;
				SDKROOT = iphoneos;
				SWIFT_COMPILATION_MODE = wholemodule;
				VALIDATE_PRODUCT = YES;
			};
			name = Release;
		};
		80DF45822DEC29C200F15E81 /* Debug */ = {
			isa = XCBuildConfiguration;
			buildSettings = {
				ASSETCATALOG_COMPILER_APPICON_NAME = AppIcon;
				ASSETCATALOG_COMPILER_GLOBAL_ACCENT_COLOR_NAME = AccentColor;
				CODE_SIGN_ENTITLEMENTS = Yapomogayu.entitlements;
				CODE_SIGN_IDENTITY = "Apple Development";
				CODE_SIGN_STYLE = Automatic;
				CURRENT_PROJECT_VERSION = 3;
				DEVELOPMENT_TEAM = 3QSL8PVFBH;
				ENABLE_PREVIEWS = YES;
				GENERATE_INFOPLIST_FILE = YES;
				INFOPLIST_KEY_CFBundleDisplayName = "Я помогаю";
				INFOPLIST_KEY_UIApplicationSceneManifest_Generation = YES;
				INFOPLIST_KEY_UIApplicationSupportsIndirectInputEvents = YES;
				INFOPLIST_KEY_UILaunchScreen_Generation = YES;
				INFOPLIST_KEY_UISupportedInterfaceOrientations = "UIInterfaceOrientationLandscapeLeft UIInterfaceOrientationLandscapeRight UIInterfaceOrientationPortrait UIInterfaceOrientationPortraitUpsideDown";
				IPHONEOS_DEPLOYMENT_TARGET = 17.6;
				LD_RUNPATH_SEARCH_PATHS = (
					"$(inherited)",
					"@executable_path/Frameworks",
				);
				MARKETING_VERSION = 1.5;
				PRODUCT_BUNDLE_IDENTIFIER = ru.pomogayu.ya;
				PRODUCT_NAME = "$(TARGET_NAME)";
				PROVISIONING_PROFILE_SPECIFIER = "";
				SWIFT_EMIT_LOC_STRINGS = YES;
				SWIFT_VERSION = 5.0;
				TARGETED_DEVICE_FAMILY = "1,2";
			};
			name = Debug;
		};
		80DF45832DEC29C200F15E81 /* Release */ = {
			isa = XCBuildConfiguration;
			buildSettings = {
				ASSETCATALOG_COMPILER_APPICON_NAME = AppIcon;
				ASSETCATALOG_COMPILER_GLOBAL_ACCENT_COLOR_NAME = AccentColor;
				CODE_SIGN_ENTITLEMENTS = Yapomogayu.entitlements;
				CODE_SIGN_IDENTITY = "Apple Development";
				CODE_SIGN_STYLE = Automatic;
				CURRENT_PROJECT_VERSION = 3;
				DEVELOPMENT_TEAM = 3QSL8PVFBH;
				ENABLE_PREVIEWS = YES;
				GENERATE_INFOPLIST_FILE = YES;
				INFOPLIST_KEY_CFBundleDisplayName = "Я помогаю";
				INFOPLIST_KEY_UIApplicationSceneManifest_Generation = YES;
				INFOPLIST_KEY_UIApplicationSupportsIndirectInputEvents = YES;
				INFOPLIST_KEY_UILaunchScreen_Generation = YES;
				INFOPLIST_KEY_UISupportedInterfaceOrientations = "UIInterfaceOrientationLandscapeLeft UIInterfaceOrientationLandscapeRight UIInterfaceOrientationPortrait UIInterfaceOrientationPortraitUpsideDown";
				IPHONEOS_DEPLOYMENT_TARGET = 17.6;
				LD_RUNPATH_SEARCH_PATHS = (
					"$(inherited)",
					"@executable_path/Frameworks",
				);
				MARKETING_VERSION = 1.5;
				PRODUCT_BUNDLE_IDENTIFIER = ru.pomogayu.ya;
				PRODUCT_NAME = "$(TARGET_NAME)";
				PROVISIONING_PROFILE_SPECIFIER = "";
				SWIFT_EMIT_LOC_STRINGS = YES;
				SWIFT_VERSION = 5.0;
				TARGETED_DEVICE_FAMILY = "1,2";
			};
			name = Release;
		};
		80DF45852DEC29C200F15E81 /* Debug */ = {
			isa = XCBuildConfiguration;
			buildSettings = {
				BUNDLE_LOADER = "$(TEST_HOST)";
				CODE_SIGN_STYLE = Automatic;
				CURRENT_PROJECT_VERSION = 1;
				GENERATE_INFOPLIST_FILE = YES;
				IPHONEOS_DEPLOYMENT_TARGET = 18.4;
				MARKETING_VERSION = 1.0;
				PRODUCT_BUNDLE_IDENTIFIER = org.blagoplus.BlagoTests;
				PRODUCT_NAME = "$(TARGET_NAME)";
				SWIFT_EMIT_LOC_STRINGS = NO;
				SWIFT_VERSION = 5.0;
				TARGETED_DEVICE_FAMILY = "1,2";
				TEST_HOST = "$(BUILT_PRODUCTS_DIR)/Yapomogayu.app/$(BUNDLE_EXECUTABLE_FOLDER_PATH)/Yapomogayu";
			};
			name = Debug;
		};
		80DF45862DEC29C200F15E81 /* Release */ = {
			isa = XCBuildConfiguration;
			buildSettings = {
				BUNDLE_LOADER = "$(TEST_HOST)";
				CODE_SIGN_STYLE = Automatic;
				CURRENT_PROJECT_VERSION = 1;
				GENERATE_INFOPLIST_FILE = YES;
				IPHONEOS_DEPLOYMENT_TARGET = 18.4;
				MARKETING_VERSION = 1.0;
				PRODUCT_BUNDLE_IDENTIFIER = org.blagoplus.BlagoTests;
				PRODUCT_NAME = "$(TARGET_NAME)";
				SWIFT_EMIT_LOC_STRINGS = NO;
				SWIFT_VERSION = 5.0;
				TARGETED_DEVICE_FAMILY = "1,2";
				TEST_HOST = "$(BUILT_PRODUCTS_DIR)/Yapomogayu.app/$(BUNDLE_EXECUTABLE_FOLDER_PATH)/Yapomogayu";
			};
			name = Release;
		};
		80DF45882DEC29C200F15E81 /* Debug */ = {
			isa = XCBuildConfiguration;
			buildSettings = {
				CODE_SIGN_STYLE = Automatic;
				CURRENT_PROJECT_VERSION = 1;
				GENERATE_INFOPLIST_FILE = YES;
				MARKETING_VERSION = 1.0;
				PRODUCT_BUNDLE_IDENTIFIER = org.blagoplus.BlagoUITests;
				PRODUCT_NAME = "$(TARGET_NAME)";
				SWIFT_EMIT_LOC_STRINGS = NO;
				SWIFT_VERSION = 5.0;
				TARGETED_DEVICE_FAMILY = "1,2";
				TEST_TARGET_NAME = Blago;
			};
			name = Debug;
		};
		80DF45892DEC29C200F15E81 /* Release */ = {
			isa = XCBuildConfiguration;
			buildSettings = {
				CODE_SIGN_STYLE = Automatic;
				CURRENT_PROJECT_VERSION = 1;
				GENERATE_INFOPLIST_FILE = YES;
				MARKETING_VERSION = 1.0;
				PRODUCT_BUNDLE_IDENTIFIER = org.blagoplus.BlagoUITests;
				PRODUCT_NAME = "$(TARGET_NAME)";
				SWIFT_EMIT_LOC_STRINGS = NO;
				SWIFT_VERSION = 5.0;
				TARGETED_DEVICE_FAMILY = "1,2";
				TEST_TARGET_NAME = Blago;
			};
			name = Release;
		};
/* End XCBuildConfiguration section */

/* Begin XCConfigurationList section */
		80DF455B2DEC29BD00F15E81 /* Build configuration list for PBXProject "Yapomogayu" */ = {
			isa = XCConfigurationList;
			buildConfigurations = (
				80DF457F2DEC29C200F15E81 /* Debug */,
				80DF45802DEC29C200F15E81 /* Release */,
			);
			defaultConfigurationIsVisible = 0;
			defaultConfigurationName = Release;
		};
		80DF45812DEC29C200F15E81 /* Build configuration list for PBXNativeTarget "Yapomogayu" */ = {
			isa = XCConfigurationList;
			buildConfigurations = (
				80DF45822DEC29C200F15E81 /* Debug */,
				80DF45832DEC29C200F15E81 /* Release */,
			);
			defaultConfigurationIsVisible = 0;
			defaultConfigurationName = Release;
		};
		80DF45842DEC29C200F15E81 /* Build configuration list for PBXNativeTarget "YapomogayuTests" */ = {
			isa = XCConfigurationList;
			buildConfigurations = (
				80DF45852DEC29C200F15E81 /* Debug */,
				80DF45862DEC29C200F15E81 /* Release */,
			);
			defaultConfigurationIsVisible = 0;
			defaultConfigurationName = Release;
		};
		80DF45872DEC29C200F15E81 /* Build configuration list for PBXNativeTarget "YapomogayuUITests" */ = {
			isa = XCConfigurationList;
			buildConfigurations = (
				80DF45882DEC29C200F15E81 /* Debug */,
				80DF45892DEC29C200F15E81 /* Release */,
			);
			defaultConfigurationIsVisible = 0;
			defaultConfigurationName = Release;
		};
/* End XCConfigurationList section */
	};
	rootObject = 80DF45582DEC29BD00F15E81 /* Project object */;
}
